// !$*UTF8*$!
{
	archiveVersion = 1;
	classes = {
	};
	objectVersion = 77;
	objects = {

/* Begin PBXBuildFile section */
		1D1520752D18037E007C8538 /* ScreenCaptureKit.framework in Frameworks */ = {isa = PBXBuildFile; fileRef = 1D1520742D18037E007C8538 /* ScreenCaptureKit.framework */; };
		4AAF97242CFACB390097EC38 /* FileKit in Frameworks */ = {isa = PBXBuildFile; productRef = 4AAF97232CFACB380097EC38 /* FileKit */; };
		4AAF97272CFACB7C0097EC38 /* Alamofire in Frameworks */ = {isa = PBXBuildFile; productRef = 4AAF97262CFACB7C0097EC38 /* Alamofire */; };
		4AAF972A2CFACB910097EC38 /* KeyboardShortcuts in Frameworks */ = {isa = PBXBuildFile; productRef = 4AAF97292CFACB910097EC38 /* KeyboardShortcuts */; };
		4AAF972D2CFACBB10097EC38 /* RxBlocking in Frameworks */ = {isa = PBXBuildFile; productRef = 4AAF972C2CFACBB10097EC38 /* RxBlocking */; };
		4AAF972F2CFACBB10097EC38 /* RxCocoa in Frameworks */ = {isa = PBXBuildFile; productRef = 4AAF972E2CFACBB10097EC38 /* RxCocoa */; };
		4AAF97312CFACBB10097EC38 /* RxRelay in Frameworks */ = {isa = PBXBuildFile; productRef = 4AAF97302CFACBB10097EC38 /* RxRelay */; };
		4AAF97332CFACBB10097EC38 /* RxSwift in Frameworks */ = {isa = PBXBuildFile; productRef = 4AAF97322CFACBB10097EC38 /* RxSwift */; };
		4AAF97382CFACBC50097EC38 /* ReactiveSwift in Frameworks */ = {isa = PBXBuildFile; productRef = 4AAF97372CFACBC50097EC38 /* ReactiveSwift */; };
		4AAF973B2CFACBE60097EC38 /* Sparkle in Frameworks */ = {isa = PBXBuildFile; productRef = 4AAF973A2CFACBE60097EC38 /* Sparkle */; };
		4AAF973F2CFACDA60097EC38 /* CombineMoya in Frameworks */ = {isa = PBXBuildFile; productRef = 4AAF973E2CFACDA60097EC38 /* CombineMoya */; };
		4AAF97412CFACDA60097EC38 /* Moya in Frameworks */ = {isa = PBXBuildFile; productRef = 4AAF97402CFACDA60097EC38 /* Moya */; };
		4AAF97432CFACDA60097EC38 /* ReactiveMoya in Frameworks */ = {isa = PBXBuildFile; productRef = 4AAF97422CFACDA60097EC38 /* ReactiveMoya */; };
		4AAF97452CFACDA60097EC38 /* RxMoya in Frameworks */ = {isa = PBXBuildFile; productRef = 4AAF97442CFACDA60097EC38 /* RxMoya */; };
/* End PBXBuildFile section */

/* Begin PBXFileReference section */
		1D1520742D18037E007C8538 /* ScreenCaptureKit.framework */ = {isa = PBXFileReference; lastKnownFileType = wrapper.framework; name = ScreenCaptureKit.framework; path = System/Library/Frameworks/ScreenCaptureKit.framework; sourceTree = SDKROOT; };
		4AFAF2542CCBE4C5005E7DA7 /* ScreenCut.app */ = {isa = PBXFileReference; explicitFileType = wrapper.application; includeInIndex = 0; path = ScreenCut.app; sourceTree = BUILT_PRODUCTS_DIR; };
/* End PBXFileReference section */

/* Begin PBXFileSystemSynchronizedBuildFileExceptionSet section */
		4A32AC8F2CD63FDB00986037 /* Exceptions for "ScreenCut" folder in "ScreenCut" target */ = {
			isa = PBXFileSystemSynchronizedBuildFileExceptionSet;
			membershipExceptions = (
				Info.plist,
			);
			target = 4AFAF2532CCBE4C5005E7DA7 /* ScreenCut */;
		};
/* End PBXFileSystemSynchronizedBuildFileExceptionSet section */

/* Begin PBXFileSystemSynchronizedRootGroup section */
		4AFAF2562CCBE4C5005E7DA7 /* ScreenCut */ = {
			isa = PBXFileSystemSynchronizedRootGroup;
			exceptions = (
				4A32AC8F2CD63FDB00986037 /* Exceptions for "ScreenCut" folder in "ScreenCut" target */,
			);
			path = ScreenCut;
			sourceTree = "<group>";
		};
/* End PBXFileSystemSynchronizedRootGroup section */

/* Begin PBXFrameworksBuildPhase section */
		4AFAF2512CCBE4C5005E7DA7 /* Frameworks */ = {
			isa = PBXFrameworksBuildPhase;
			buildActionMask = 2147483647;
			files = (
				1D1520752D18037E007C8538 /* ScreenCaptureKit.framework in Frameworks */,
				4AAF97382CFACBC50097EC38 /* ReactiveSwift in Frameworks */,
				4AAF97412CFACDA60097EC38 /* Moya in Frameworks */,
				4AAF97312CFACBB10097EC38 /* RxRelay in Frameworks */,
				4AAF97452CFACDA60097EC38 /* RxMoya in Frameworks */,
				4AAF97242CFACB390097EC38 /* FileKit in Frameworks */,
				4AAF972D2CFACBB10097EC38 /* RxBlocking in Frameworks */,
				4AAF973F2CFACDA60097EC38 /* CombineMoya in Frameworks */,
				4AAF973B2CFACBE60097EC38 /* Sparkle in Frameworks */,
				4AAF972F2CFACBB10097EC38 /* RxCocoa in Frameworks */,
				4AAF97272CFACB7C0097EC38 /* Alamofire in Frameworks */,
				4AAF97432CFACDA60097EC38 /* ReactiveMoya in Frameworks */,
				4AAF972A2CFACB910097EC38 /* KeyboardShortcuts in Frameworks */,
				4AAF97332CFACBB10097EC38 /* RxSwift in Frameworks */,
			);
			runOnlyForDeploymentPostprocessing = 0;
		};
/* End PBXFrameworksBuildPhase section */

/* Begin PBXGroup section */
		1D1520732D18037E007C8538 /* Frameworks */ = {
			isa = PBXGroup;
			children = (
				1D1520742D18037E007C8538 /* ScreenCaptureKit.framework */,
			);
			name = Frameworks;
			sourceTree = "<group>";
		};
		4AFAF24B2CCBE4C5005E7DA7 = {
			isa = PBXGroup;
			children = (
				4AFAF2562CCBE4C5005E7DA7 /* ScreenCut */,
				1D1520732D18037E007C8538 /* Frameworks */,
				4AFAF2552CCBE4C5005E7DA7 /* Products */,
			);
			sourceTree = "<group>";
		};
		4AFAF2552CCBE4C5005E7DA7 /* Products */ = {
			isa = PBXGroup;
			children = (
				4AFAF2542CCBE4C5005E7DA7 /* ScreenCut.app */,
			);
			name = Products;
			sourceTree = "<group>";
		};
/* End PBXGroup section */

/* Begin PBXNativeTarget section */
		4AFAF2532CCBE4C5005E7DA7 /* ScreenCut */ = {
			isa = PBXNativeTarget;
			buildConfigurationList = 4AFAF2632CCBE4C8005E7DA7 /* Build configuration list for PBXNativeTarget "ScreenCut" */;
			buildPhases = (
				4AFAF2502CCBE4C5005E7DA7 /* Sources */,
				4AFAF2512CCBE4C5005E7DA7 /* Frameworks */,
				4AFAF2522CCBE4C5005E7DA7 /* Resources */,
			);
			buildRules = (
			);
			dependencies = (
			);
			fileSystemSynchronizedGroups = (
				4AFAF2562CCBE4C5005E7DA7 /* ScreenCut */,
			);
			name = ScreenCut;
			packageProductDependencies = (
				4AAF97232CFACB380097EC38 /* FileKit */,
				4AAF97262CFACB7C0097EC38 /* Alamofire */,
				4AAF97292CFACB910097EC38 /* KeyboardShortcuts */,
				4AAF972C2CFACBB10097EC38 /* RxBlocking */,
				4AAF972E2CFACBB10097EC38 /* RxCocoa */,
				4AAF97302CFACBB10097EC38 /* RxRelay */,
				4AAF97322CFACBB10097EC38 /* RxSwift */,
				4AAF97372CFACBC50097EC38 /* ReactiveSwift */,
				4AAF973A2CFACBE60097EC38 /* Sparkle */,
				4AAF973E2CFACDA60097EC38 /* CombineMoya */,
				4AAF97402CFACDA60097EC38 /* Moya */,
				4AAF97422CFACDA60097EC38 /* ReactiveMoya */,
				4AAF97442CFACDA60097EC38 /* RxMoya */,
			);
			productName = ScreenCut;
			productReference = 4AFAF2542CCBE4C5005E7DA7 /* ScreenCut.app */;
			productType = "com.apple.product-type.application";
		};
/* End PBXNativeTarget section */

/* Begin PBXProject section */
		4AFAF24C2CCBE4C5005E7DA7 /* Project object */ = {
			isa = PBXProject;
			attributes = {
				BuildIndependentTargetsInParallel = 1;
				LastSwiftUpdateCheck = 1600;
				LastUpgradeCheck = 1600;
				TargetAttributes = {
					4AFAF2532CCBE4C5005E7DA7 = {
						CreatedOnToolsVersion = 16.0;
					};
				};
			};
			buildConfigurationList = 4AFAF24F2CCBE4C5005E7DA7 /* Build configuration list for PBXProject "ScreenCut" */;
			developmentRegion = en;
			hasScannedForEncodings = 0;
			knownRegions = (
				en,
				Base,
			);
			mainGroup = 4AFAF24B2CCBE4C5005E7DA7;
			minimizedProjectReferenceProxies = 1;
			packageReferences = (
				4AAF97222CFACB380097EC38 /* XCLocalSwiftPackageReference "../third_lib/FileKit" */,
				4AAF97252CFACB7C0097EC38 /* XCLocalSwiftPackageReference "../third_lib/Alamofire" */,
				4AAF97282CFACB910097EC38 /* XCLocalSwiftPackageReference "../third_lib/KeyboardShortcuts" */,
				4AAF972B2CFACBB10097EC38 /* XCLocalSwiftPackageReference "../third_lib/RxSwift" */,
				4AAF97362CFACBC50097EC38 /* XCLocalSwiftPackageReference "../third_lib/ReactiveSwift" */,
				4AAF97392CFACBE60097EC38 /* XCLocalSwiftPackageReference "../third_lib/Sparkle" */,
				4AAF973C2CFACC780097EC38 /* XCLocalSwiftPackageReference "../third_lib/swift-composable-architecture" */,
				4AAF973D2CFACDA60097EC38 /* XCLocalSwiftPackageReference "../third_lib/Moya" */,
			);
			preferredProjectObjectVersion = 77;
			productRefGroup = 4AFAF2552CCBE4C5005E7DA7 /* Products */;
			projectDirPath = "";
			projectRoot = "";
			targets = (
				4AFAF2532CCBE4C5005E7DA7 /* ScreenCut */,
			);
		};
/* End PBXProject section */

/* Begin PBXResourcesBuildPhase section */
		4AFAF2522CCBE4C5005E7DA7 /* Resources */ = {
			isa = PBXResourcesBuildPhase;
			buildActionMask = 2147483647;
			files = (
			);
			runOnlyForDeploymentPostprocessing = 0;
		};
/* End PBXResourcesBuildPhase section */

/* Begin PBXSourcesBuildPhase section */
		4AFAF2502CCBE4C5005E7DA7 /* Sources */ = {
			isa = PBXSourcesBuildPhase;
			buildActionMask = 2147483647;
			files = (
			);
			runOnlyForDeploymentPostprocessing = 0;
		};
/* End PBXSourcesBuildPhase section */

/* Begin XCBuildConfiguration section */
		4AFAF2612CCBE4C8005E7DA7 /* Debug */ = {
			isa = XCBuildConfiguration;
			buildSettings = {
				ALWAYS_SEARCH_USER_PATHS = NO;
				ASSETCATALOG_COMPILER_GENERATE_SWIFT_ASSET_SYMBOL_EXTENSIONS = YES;
				CLANG_ANALYZER_NONNULL = YES;
				CLANG_ANALYZER_NUMBER_OBJECT_CONVERSION = YES_AGGRESSIVE;
				CLANG_CXX_LANGUAGE_STANDARD = "gnu++20";
				CLANG_ENABLE_MODULES = YES;
				CLANG_ENABLE_OBJC_ARC = YES;
				CLANG_ENABLE_OBJC_WEAK = YES;
				CLANG_WARN_BLOCK_CAPTURE_AUTORELEASING = YES;
				CLANG_WARN_BOOL_CONVERSION = YES;
				CLANG_WARN_COMMA = YES;
				CLANG_WARN_CONSTANT_CONVERSION = YES;
				CLANG_WARN_DEPRECATED_OBJC_IMPLEMENTATIONS = YES;
				CLANG_WARN_DIRECT_OBJC_ISA_USAGE = YES_ERROR;
				CLANG_WARN_DOCUMENTATION_COMMENTS = YES;
				CLANG_WARN_EMPTY_BODY = YES;
				CLANG_WARN_ENUM_CONVERSION = YES;
				CLANG_WARN_INFINITE_RECURSION = YES;
				CLANG_WARN_INT_CONVERSION = YES;
				CLANG_WARN_NON_LITERAL_NULL_CONVERSION = YES;
				CLANG_WARN_OBJC_IMPLICIT_RETAIN_SELF = YES;
				CLANG_WARN_OBJC_LITERAL_CONVERSION = YES;
				CLANG_WARN_OBJC_ROOT_CLASS = YES_ERROR;
				CLANG_WARN_QUOTED_INCLUDE_IN_FRAMEWORK_HEADER = YES;
				CLANG_WARN_RANGE_LOOP_ANALYSIS = YES;
				CLANG_WARN_STRICT_PROTOTYPES = YES;
				CLANG_WARN_SUSPICIOUS_MOVE = YES;
				CLANG_WARN_UNGUARDED_AVAILABILITY = YES_AGGRESSIVE;
				CLANG_WARN_UNREACHABLE_CODE = YES;
				CLANG_WARN__DUPLICATE_METHOD_MATCH = YES;
				COPY_PHASE_STRIP = NO;
				DEBUG_INFORMATION_FORMAT = dwarf;
				ENABLE_STRICT_OBJC_MSGSEND = YES;
				ENABLE_TESTABILITY = YES;
				ENABLE_USER_SCRIPT_SANDBOXING = YES;
				GCC_C_LANGUAGE_STANDARD = gnu17;
				GCC_DYNAMIC_NO_PIC = NO;
				GCC_NO_COMMON_BLOCKS = YES;
				GCC_OPTIMIZATION_LEVEL = 0;
				GCC_PREPROCESSOR_DEFINITIONS = (
					"DEBUG=1",
					"$(inherited)",
				);
				GCC_WARN_64_TO_32_BIT_CONVERSION = YES;
				GCC_WARN_ABOUT_RETURN_TYPE = YES_ERROR;
				GCC_WARN_UNDECLARED_SELECTOR = YES;
				GCC_WARN_UNINITIALIZED_AUTOS = YES_AGGRESSIVE;
				GCC_WARN_UNUSED_FUNCTION = YES;
				GCC_WARN_UNUSED_VARIABLE = YES;
				LOCALIZATION_PREFERS_STRING_CATALOGS = YES;
				MACOSX_DEPLOYMENT_TARGET = 15.0;
				MTL_ENABLE_DEBUG_INFO = INCLUDE_SOURCE;
				MTL_FAST_MATH = YES;
				ONLY_ACTIVE_ARCH = YES;
				SDKROOT = macosx;
				SWIFT_ACTIVE_COMPILATION_CONDITIONS = "DEBUG $(inherited)";
				SWIFT_OPTIMIZATION_LEVEL = "-Onone";
			};
			name = Debug;
		};
		4AFAF2622CCBE4C8005E7DA7 /* Release */ = {
			isa = XCBuildConfiguration;
			buildSettings = {
				ALWAYS_SEARCH_USER_PATHS = NO;
				ASSETCATALOG_COMPILER_GENERATE_SWIFT_ASSET_SYMBOL_EXTENSIONS = YES;
				CLANG_ANALYZER_NONNULL = YES;
				CLANG_ANALYZER_NUMBER_OBJECT_CONVERSION = YES_AGGRESSIVE;
				CLANG_CXX_LANGUAGE_STANDARD = "gnu++20";
				CLANG_ENABLE_MODULES = YES;
				CLANG_ENABLE_OBJC_ARC = YES;
				CLANG_ENABLE_OBJC_WEAK = YES;
				CLANG_WARN_BLOCK_CAPTURE_AUTORELEASING = YES;
				CLANG_WARN_BOOL_CONVERSION = YES;
				CLANG_WARN_COMMA = YES;
				CLANG_WARN_CONSTANT_CONVERSION = YES;
				CLANG_WARN_DEPRECATED_OBJC_IMPLEMENTATIONS = YES;
				CLANG_WARN_DIRECT_OBJC_ISA_USAGE = YES_ERROR;
				CLANG_WARN_DOCUMENTATION_COMMENTS = YES;
				CLANG_WARN_EMPTY_BODY = YES;
				CLANG_WARN_ENUM_CONVERSION = YES;
				CLANG_WARN_INFINITE_RECURSION = YES;
				CLANG_WARN_INT_CONVERSION = YES;
				CLANG_WARN_NON_LITERAL_NULL_CONVERSION = YES;
				CLANG_WARN_OBJC_IMPLICIT_RETAIN_SELF = YES;
				CLANG_WARN_OBJC_LITERAL_CONVERSION = YES;
				CLANG_WARN_OBJC_ROOT_CLASS = YES_ERROR;
				CLANG_WARN_QUOTED_INCLUDE_IN_FRAMEWORK_HEADER = YES;
				CLANG_WARN_RANGE_LOOP_ANALYSIS = YES;
				CLANG_WARN_STRICT_PROTOTYPES = YES;
				CLANG_WARN_SUSPICIOUS_MOVE = YES;
				CLANG_WARN_UNGUARDED_AVAILABILITY = YES_AGGRESSIVE;
				CLANG_WARN_UNREACHABLE_CODE = YES;
				CLANG_WARN__DUPLICATE_METHOD_MATCH = YES;
				COPY_PHASE_STRIP = NO;
				DEBUG_INFORMATION_FORMAT = "dwarf-with-dsym";
				ENABLE_NS_ASSERTIONS = NO;
				ENABLE_STRICT_OBJC_MSGSEND = YES;
				ENABLE_USER_SCRIPT_SANDBOXING = YES;
				GCC_C_LANGUAGE_STANDARD = gnu17;
				GCC_NO_COMMON_BLOCKS = YES;
				GCC_WARN_64_TO_32_BIT_CONVERSION = YES;
				GCC_WARN_ABOUT_RETURN_TYPE = YES_ERROR;
				GCC_WARN_UNDECLARED_SELECTOR = YES;
				GCC_WARN_UNINITIALIZED_AUTOS = YES_AGGRESSIVE;
				GCC_WARN_UNUSED_FUNCTION = YES;
				GCC_WARN_UNUSED_VARIABLE = YES;
				LOCALIZATION_PREFERS_STRING_CATALOGS = YES;
				MACOSX_DEPLOYMENT_TARGET = 15.0;
				MTL_ENABLE_DEBUG_INFO = NO;
				MTL_FAST_MATH = YES;
				SDKROOT = macosx;
				SWIFT_COMPILATION_MODE = wholemodule;
			};
			name = Release;
		};
		4AFAF2642CCBE4C8005E7DA7 /* Debug */ = {
			isa = XCBuildConfiguration;
			buildSettings = {
				ASSETCATALOG_COMPILER_APPICON_NAME = AppIcon;
				ASSETCATALOG_COMPILER_GLOBAL_ACCENT_COLOR_NAME = AccentColor;
				CODE_SIGN_ENTITLEMENTS = ScreenCut/ScreenCut.entitlements;
				CODE_SIGN_STYLE = Automatic;
				COMBINE_HIDPI_IMAGES = YES;
				CURRENT_PROJECT_VERSION = 113;
				DEVELOPMENT_ASSET_PATHS = "\"ScreenCut/Preview Content\"";
				ENABLE_PREVIEWS = YES;
				GENERATE_INFOPLIST_FILE = YES;
				INFOPLIST_FILE = ScreenCut/Info.plist;
				INFOPLIST_KEY_LSUIElement = YES;
				INFOPLIST_KEY_NSCameraUsageDescription = "需要相机权限用于捕获视频";
				INFOPLIST_KEY_NSHumanReadableCopyright = "";
				INFOPLIST_KEY_NSMicrophoneUsageDescription = "需要麦克风权限用于捕获音频";
				INFOPLIST_KEY_UIApplicationSceneManifest_Generation = YES;
				INFOPLIST_KEY_UILaunchScreen_Generation = YES;
				LD_RUNPATH_SEARCH_PATHS = (
					"$(inherited)",
					"@executable_path/../Frameworks",
				);
				MARKETING_VERSION = 1.1.3;
				PRODUCT_BUNDLE_IDENTIFIER = com.helinyu.ScreenCut;
				PRODUCT_NAME = "$(TARGET_NAME)";
				SWIFT_EMIT_LOC_STRINGS = YES;
				SWIFT_VERSION = 5.0;
			};
			name = Debug;
		};
		4AFAF2652CCBE4C8005E7DA7 /* Release */ = {
			isa = XCBuildConfiguration;
			buildSettings = {
				ASSETCATALOG_COMPILER_APPICON_NAME = AppIcon;
				ASSETCATALOG_COMPILER_GLOBAL_ACCENT_COLOR_NAME = AccentColor;
				CODE_SIGN_ENTITLEMENTS = ScreenCut/ScreenCut.entitlements;
				CODE_SIGN_STYLE = Automatic;
				COMBINE_HIDPI_IMAGES = YES;
				CURRENT_PROJECT_VERSION = 113;
				DEVELOPMENT_ASSET_PATHS = "\"ScreenCut/Preview Content\"";
				ENABLE_PREVIEWS = YES;
				GENERATE_INFOPLIST_FILE = YES;
				INFOPLIST_FILE = ScreenCut/Info.plist;
				INFOPLIST_KEY_LSUIElement = YES;
				INFOPLIST_KEY_NSCameraUsageDescription = "需要相机权限用于捕获视频";
				INFOPLIST_KEY_NSHumanReadableCopyright = "";
				INFOPLIST_KEY_NSMicrophoneUsageDescription = "需要麦克风权限用于捕获音频";
				INFOPLIST_KEY_UIApplicationSceneManifest_Generation = YES;
				INFOPLIST_KEY_UILaunchScreen_Generation = YES;
				LD_RUNPATH_SEARCH_PATHS = (
					"$(inherited)",
					"@executable_path/../Frameworks",
				);
				MARKETING_VERSION = 1.1.3;
				PRODUCT_BUNDLE_IDENTIFIER = com.helinyu.ScreenCut;
				PRODUCT_NAME = "$(TARGET_NAME)";
				SWIFT_EMIT_LOC_STRINGS = YES;
				SWIFT_VERSION = 5.0;
			};
			name = Release;
		};
/* End XCBuildConfiguration section */

/* Begin XCConfigurationList section */
		4AFAF24F2CCBE4C5005E7DA7 /* Build configuration list for PBXProject "ScreenCut" */ = {
			isa = XCConfigurationList;
			buildConfigurations = (
				4AFAF2612CCBE4C8005E7DA7 /* Debug */,
				4AFAF2622CCBE4C8005E7DA7 /* Release */,
			);
			defaultConfigurationIsVisible = 0;
			defaultConfigurationName = Release;
		};
		4AFAF2632CCBE4C8005E7DA7 /* Build configuration list for PBXNativeTarget "ScreenCut" */ = {
			isa = XCConfigurationList;
			buildConfigurations = (
				4AFAF2642CCBE4C8005E7DA7 /* Debug */,
				4AFAF2652CCBE4C8005E7DA7 /* Release */,
			);
			defaultConfigurationIsVisible = 0;
			defaultConfigurationName = Release;
		};
/* End XCConfigurationList section */

/* Begin XCLocalSwiftPackageReference section */
		4AAF97222CFACB380097EC38 /* XCLocalSwiftPackageReference "../third_lib/FileKit" */ = {
			isa = XCLocalSwiftPackageReference;
			relativePath = ../third_lib/FileKit;
		};
		4AAF97252CFACB7C0097EC38 /* XCLocalSwiftPackageReference "../third_lib/Alamofire" */ = {
			isa = XCLocalSwiftPackageReference;
			relativePath = ../third_lib/Alamofire;
		};
		4AAF97282CFACB910097EC38 /* XCLocalSwiftPackageReference "../third_lib/KeyboardShortcuts" */ = {
			isa = XCLocalSwiftPackageReference;
			relativePath = ../third_lib/KeyboardShortcuts;
		};
		4AAF972B2CFACBB10097EC38 /* XCLocalSwiftPackageReference "../third_lib/RxSwift" */ = {
			isa = XCLocalSwiftPackageReference;
			relativePath = ../third_lib/RxSwift;
		};
		4AAF97362CFACBC50097EC38 /* XCLocalSwiftPackageReference "../third_lib/ReactiveSwift" */ = {
			isa = XCLocalSwiftPackageReference;
			relativePath = ../third_lib/ReactiveSwift;
		};
		4AAF97392CFACBE60097EC38 /* XCLocalSwiftPackageReference "../third_lib/Sparkle" */ = {
			isa = XCLocalSwiftPackageReference;
			relativePath = ../third_lib/Sparkle;
		};
		4AAF973C2CFACC780097EC38 /* XCLocalSwiftPackageReference "../third_lib/swift-composable-architecture" */ = {
			isa = XCLocalSwiftPackageReference;
			relativePath = "../third_lib/swift-composable-architecture";
		};
		4AAF973D2CFACDA60097EC38 /* XCLocalSwiftPackageReference "../third_lib/Moya" */ = {
			isa = XCLocalSwiftPackageReference;
			relativePath = ../third_lib/Moya;
		};
/* End XCLocalSwiftPackageReference section */

/* Begin XCSwiftPackageProductDependency section */
		4AAF97232CFACB380097EC38 /* FileKit */ = {
			isa = XCSwiftPackageProductDependency;
			productName = FileKit;
		};
		4AAF97262CFACB7C0097EC38 /* Alamofire */ = {
			isa = XCSwiftPackageProductDependency;
			productName = Alamofire;
		};
		4AAF97292CFACB910097EC38 /* KeyboardShortcuts */ = {
			isa = XCSwiftPackageProductDependency;
			productName = KeyboardShortcuts;
		};
		4AAF972C2CFACBB10097EC38 /* RxBlocking */ = {
			isa = XCSwiftPackageProductDependency;
			productName = RxBlocking;
		};
		4AAF972E2CFACBB10097EC38 /* RxCocoa */ = {
			isa = XCSwiftPackageProductDependency;
			productName = RxCocoa;
		};
		4AAF97302CFACBB10097EC38 /* RxRelay */ = {
			isa = XCSwiftPackageProductDependency;
			productName = RxRelay;
		};
		4AAF97322CFACBB10097EC38 /* RxSwift */ = {
			isa = XCSwiftPackageProductDependency;
			productName = RxSwift;
		};
		4AAF97372CFACBC50097EC38 /* ReactiveSwift */ = {
			isa = XCSwiftPackageProductDependency;
			productName = ReactiveSwift;
		};
		4AAF973A2CFACBE60097EC38 /* Sparkle */ = {
			isa = XCSwiftPackageProductDependency;
			productName = Sparkle;
		};
		4AAF973E2CFACDA60097EC38 /* CombineMoya */ = {
			isa = XCSwiftPackageProductDependency;
			productName = CombineMoya;
		};
		4AAF97402CFACDA60097EC38 /* Moya */ = {
			isa = XCSwiftPackageProductDependency;
			productName = Moya;
		};
		4AAF97422CFACDA60097EC38 /* ReactiveMoya */ = {
			isa = XCSwiftPackageProductDependency;
			productName = ReactiveMoya;
		};
		4AAF97442CFACDA60097EC38 /* RxMoya */ = {
			isa = XCSwiftPackageProductDependency;
			productName = RxMoya;
		};
/* End XCSwiftPackageProductDependency section */
	};
	rootObject = 4AFAF24C2CCBE4C5005E7DA7 /* Project object */;
}
